
Microsoft Visual Studio Solution File, Format Version 12.00
# Visual Studio Version 17
VisualStudioVersion = 17.12.35514.174
MinimumVisualStudioVersion = 10.0.40219.1
Project("{2150E333-8FDC-42A3-9474-1A3956D46DE8}") = "src", "src", "{5C999D3C-BE05-4419-AA71-806273D276BF}"
EndProject
Project("{FAE04EC0-301F-11D3-BF4B-00C04F79EFBC}") = "PerfomanceTest.Console", "PerfomanceTest.Console\PerfomanceTest.Console.csproj", "{42288C99-F689-46C9-A23A-06C60C031A02}"
EndProject
Project("{FAE04EC0-301F-11D3-BF4B-00C04F79EFBC}") = "PerfomanceTest.Data", "PerfomanceTest.Data\PerfomanceTest.Data.csproj", "{28B9BFE6-125F-465A-8E68-9D927476342E}"
EndProject
Global
	GlobalSection(SolutionConfigurationPlatforms) = preSolution
		Debug|Any CPU = Debug|Any CPU
		Release|Any CPU = Release|Any CPU
	EndGlobalSection
	GlobalSection(ProjectConfigurationPlatforms) = postSolution
		{42288C99-F689-46C9-A23A-06C60C031A02}.Debug|Any CPU.ActiveCfg = Debug|Any CPU
		{42288C99-F689-46C9-A23A-06C60C031A02}.Debug|Any CPU.Build.0 = Debug|Any CPU
		{42288C99-F689-46C9-A23A-06C60C031A02}.Release|Any CPU.ActiveCfg = Release|Any CPU
		{42288C99-F689-46C9-A23A-06C60C031A02}.Release|Any CPU.Build.0 = Release|Any CPU
		{28B9BFE6-125F-465A-8E68-9D927476342E}.Debug|Any CPU.ActiveCfg = Debug|Any CPU
		{28B9BFE6-125F-465A-8E68-9D927476342E}.Debug|Any CPU.Build.0 = Debug|Any CPU
		{28B9BFE6-125F-465A-8E68-9D927476342E}.Release|Any CPU.ActiveCfg = Release|Any CPU
		{28B9BFE6-125F-465A-8E68-9D927476342E}.Release|Any CPU.Build.0 = Release|Any CPU
	EndGlobalSection
	GlobalSection(SolutionProperties) = preSolution
		HideSolutionNode = FALSE
	EndGlobalSection
	GlobalSection(NestedProjects) = preSolution
		{42288C99-F689-46C9-A23A-06C60C031A02} = {5C999D3C-BE05-4419-AA71-806273D276BF}
		{28B9BFE6-125F-465A-8E68-9D927476342E} = {5C999D3C-BE05-4419-AA71-806273D276BF}
	EndGlobalSection
EndGlobal
